// !$*UTF8*$!
{
	archiveVersion = 1;
	classes = {
	};
	objectVersion = 46;
	objects = {

/* Begin PBXGroup section */
		A9FA0EEC1E4E590800F442AD = {
			isa = PBXGroup;
			children = (
			);
			sourceTree = "<group>";
		};
/* End PBXGroup section */

/* Begin PBXProject section */
		A9FA0EED1E4E590800F442AD /* Project object */ = {
			isa = PBXProject;
			attributes = {
				LastUpgradeCheck = 0820;
			};
			buildConfigurationList = A9FA0EF01E4E590800F442AD /* Build configuration list for PBXProject "Iot" */;
			compatibilityVersion = "Xcode 3.2";
			developmentRegion = English;
			hasScannedForEncodings = 0;
			knownRegions = (
				en,
			);
			mainGroup = A9FA0EEC1E4E590800F442AD;
			projectDirPath = "";
			projectRoot = "";
			targets = (
			);
		};
/* End PBXProject section */

/* Begin XCBuildConfiguration section */
		A9FA0EF11E4E590800F442AD /* Debug */ = {
			isa = XCBuildConfiguration;
			buildSettings = {
			};
			name = Debug;
		};
		A9FA0EF21E4E590800F442AD /* Release */ = {
			isa = XCBuildConfiguration;
			buildSettings = {
			};
			name = Release;
		};
/* End XCBuildConfiguration section */

/* Begin XCConfigurationList section */
		A9FA0EF01E4E590800F442AD /* Build configuration list for PBXProject "Iot" */ = {
			isa = XCConfigurationList;
			buildConfigurations = (
				A9FA0EF11E4E590800F442AD /* Debug */,
				A9FA0EF21E4E590800F442AD /* Release */,
			);
			defaultConfigurationIsVisible = 0;
			defaultConfigurationName = Release;
		};
/* End XCConfigurationList section */
	};
	rootObject = A9FA0EED1E4E590800F442AD /* Project object */;
}
